{
  "version": 4,
  "terraform_version": "1.14.4",
  "serial": 3,
  "lineage": "6bc2a76f-138e-7a2e-bc3f-4e783ff57bfd",
  "outputs": {},
  "resources": [
    {
      "module": "module.github_repos",
      "mode": "data",
      "type": "github_team",
      "name": "prod_reviewers",
      "provider": "provider[\"registry.terraform.io/hashicorp/github\"]",
      "instances": []
    },
    {
      "module": "module.github_repos",
      "mode": "managed",
      "type": "github_repository",
      "name": "repos",
      "provider": "provider[\"registry.terraform.io/hashicorp/github\"]",
      "instances": [
        {
          "index_key": "test-repo",
          "schema_version": 1,
          "attributes": {
            "allow_auto_merge": false,
            "allow_forking": true,
            "allow_merge_commit": false,
            "allow_rebase_merge": true,
            "allow_squash_merge": true,
            "allow_update_branch": false,
            "archive_on_destroy": null,
            "archived": false,
            "auto_init": false,
            "default_branch": "main",
            "delete_branch_on_merge": false,
            "description": "Test repository",
            "etag": "W/\"791e64e1b8721102cdc01581c6fe953a17e17309cd7f5f7127a045758dbfe02d\"",
            "fork": "false",
            "full_name": "alsuppes1/test-repo",
            "git_clone_url": "git://github.com/alsuppes1/test-repo.git",
            "gitignore_template": null,
            "has_discussions": false,
            "has_downloads": false,
            "has_issues": true,
            "has_projects": false,
            "has_wiki": false,
            "homepage_url": "",
            "html_url": "https://github.com/alsuppes1/test-repo",
            "http_clone_url": "https://github.com/alsuppes1/test-repo.git",
            "id": "test-repo",
            "ignore_vulnerability_alerts_during_read": null,
            "is_template": false,
            "license_template": null,
            "merge_commit_message": "PR_TITLE",
            "merge_commit_title": "MERGE_MESSAGE",
            "name": "test-repo",
            "node_id": "R_kgDORyaAdw",
            "pages": [],
            "primary_language": "",
            "private": true,
            "repo_id": 1193705591,
            "security_and_analysis": [],
            "source_owner": "",
            "source_repo": "",
            "squash_merge_commit_message": "COMMIT_MESSAGES",
            "squash_merge_commit_title": "COMMIT_OR_PR_TITLE",
            "ssh_clone_url": "git@github.com:alsuppes1/test-repo.git",
            "svn_url": "https://github.com/alsuppes1/test-repo",
            "template": [],
            "topics": [],
            "visibility": "private",
            "vulnerability_alerts": null,
            "web_commit_signoff_required": false
          },
          "sensitive_attributes": [],
          "identity_schema_version": 0,
          "private": "eyJzY2hlbWFfdmVyc2lvbiI6IjEifQ=="
        },
        {
          "index_key": "test-repo-2",
          "schema_version": 1,
          "attributes": {
            "allow_auto_merge": false,
            "allow_forking": true,
            "allow_merge_commit": false,
            "allow_rebase_merge": true,
            "allow_squash_merge": true,
            "allow_update_branch": false,
            "archive_on_destroy": null,
            "archived": false,
            "auto_init": false,
            "default_branch": "main",
            "delete_branch_on_merge": false,
            "description": "Test repository 2",
            "etag": "W/\"f12cdd305517facb1d856a683519c2236d76f2443ebd69265b30d551c00bdaa2\"",
            "fork": "false",
            "full_name": "alsuppes1/test-repo-2",
            "git_clone_url": "git://github.com/alsuppes1/test-repo-2.git",
            "gitignore_template": null,
            "has_discussions": false,
            "has_downloads": false,
            "has_issues": true,
            "has_projects": false,
            "has_wiki": false,
            "homepage_url": "",
            "html_url": "https://github.com/alsuppes1/test-repo-2",
            "http_clone_url": "https://github.com/alsuppes1/test-repo-2.git",
            "id": "test-repo-2",
            "ignore_vulnerability_alerts_during_read": null,
            "is_template": false,
            "license_template": null,
            "merge_commit_message": "PR_TITLE",
            "merge_commit_title": "MERGE_MESSAGE",
            "name": "test-repo-2",
            "node_id": "R_kgDORyaAow",
            "pages": [],
            "primary_language": "",
            "private": true,
            "repo_id": 1193705635,
            "security_and_analysis": [],
            "source_owner": "",
            "source_repo": "",
            "squash_merge_commit_message": "COMMIT_MESSAGES",
            "squash_merge_commit_title": "COMMIT_OR_PR_TITLE",
            "ssh_clone_url": "git@github.com:alsuppes1/test-repo-2.git",
            "svn_url": "https://github.com/alsuppes1/test-repo-2",
            "template": [],
            "topics": [],
            "visibility": "private",
            "vulnerability_alerts": null,
            "web_commit_signoff_required": false
          },
          "sensitive_attributes": [],
          "identity_schema_version": 0,
          "private": "eyJzY2hlbWFfdmVyc2lvbiI6IjEifQ=="
        }
      ]
    }
  ],
  "check_results": null
}
